// !$*UTF8*$!
{
	archiveVersion = 1;
	classes = {
	};
	objectVersion = 50;
	objects = {

/* Begin PBXBuildFile section */
		3BEB485E263071AA00E8CECC /* ConfigViewController.swift in Sources */ = {isa = PBXBuildFile; fileRef = 3BEB485D263071AA00E8CECC /* ConfigViewController.swift */; };
		9A2C8871262296E40009EB69 /* AppDelegate.swift in Sources */ = {isa = PBXBuildFile; fileRef = 9A2C8870262296E40009EB69 /* AppDelegate.swift */; };
		9A2C8873262296E40009EB69 /* SceneDelegate.swift in Sources */ = {isa = PBXBuildFile; fileRef = 9A2C8872262296E40009EB69 /* SceneDelegate.swift */; };
		9A2C8875262296E40009EB69 /* ViewController.swift in Sources */ = {isa = PBXBuildFile; fileRef = 9A2C8874262296E40009EB69 /* ViewController.swift */; };
		9A2C8878262296E40009EB69 /* Main.storyboard in Resources */ = {isa = PBXBuildFile; fileRef = 9A2C8876262296E40009EB69 /* Main.storyboard */; };
		9A2C887A262296E50009EB69 /* Assets.xcassets in Resources */ = {isa = PBXBuildFile; fileRef = 9A2C8879262296E50009EB69 /* Assets.xcassets */; };
		9A2C887D262296E50009EB69 /* LaunchScreen.storyboard in Resources */ = {isa = PBXBuildFile; fileRef = 9A2C887B262296E50009EB69 /* LaunchScreen.storyboard */; };
		9A2C88862622A3440009EB69 /* JuegoViewController.swift in Sources */ = {isa = PBXBuildFile; fileRef = 9A2C88852622A3440009EB69 /* JuegoViewController.swift */; };
		9AD03928262DEA3300714659 /* oraciones.json in Resources */ = {isa = PBXBuildFile; fileRef = 9AD03927262DEA3300714659 /* oraciones.json */; };
		9AD0392B262DEA5E00714659 /* Oracion.swift in Sources */ = {isa = PBXBuildFile; fileRef = 9AD0392A262DEA5E00714659 /* Oracion.swift */; };
		DD71217D2630F237001AA873 /* HistorialViewController.swift in Sources */ = {isa = PBXBuildFile; fileRef = DD71217C2630F237001AA873 /* HistorialViewController.swift */; };
		DD7121802631148A001AA873 /* Score.swift in Sources */ = {isa = PBXBuildFile; fileRef = DD71217F2631148A001AA873 /* Score.swift */; };
		DD71218526311EE6001AA873 /* HighscoreCell.swift in Sources */ = {isa = PBXBuildFile; fileRef = DD71218326311EE6001AA873 /* HighscoreCell.swift */; };
		DD71218626311EE6001AA873 /* HighscoreCell.xib in Resources */ = {isa = PBXBuildFile; fileRef = DD71218426311EE6001AA873 /* HighscoreCell.xib */; };
/* End PBXBuildFile section */

/* Begin PBXFileReference section */
		3BEB485D263071AA00E8CECC /* ConfigViewController.swift */ = {isa = PBXFileReference; lastKnownFileType = sourcecode.swift; path = ConfigViewController.swift; sourceTree = "<group>"; };
		9A2C886D262296E40009EB69 /* SintaxisEspanol.app */ = {isa = PBXFileReference; explicitFileType = wrapper.application; includeInIndex = 0; path = SintaxisEspanol.app; sourceTree = BUILT_PRODUCTS_DIR; };
		9A2C8870262296E40009EB69 /* AppDelegate.swift */ = {isa = PBXFileReference; lastKnownFileType = sourcecode.swift; path = AppDelegate.swift; sourceTree = "<group>"; };
		9A2C8872262296E40009EB69 /* SceneDelegate.swift */ = {isa = PBXFileReference; lastKnownFileType = sourcecode.swift; path = SceneDelegate.swift; sourceTree = "<group>"; };
		9A2C8874262296E40009EB69 /* ViewController.swift */ = {isa = PBXFileReference; lastKnownFileType = sourcecode.swift; path = ViewController.swift; sourceTree = "<group>"; };
		9A2C8877262296E40009EB69 /* Base */ = {isa = PBXFileReference; lastKnownFileType = file.storyboard; name = Base; path = Base.lproj/Main.storyboard; sourceTree = "<group>"; };
		9A2C8879262296E50009EB69 /* Assets.xcassets */ = {isa = PBXFileReference; lastKnownFileType = folder.assetcatalog; path = Assets.xcassets; sourceTree = "<group>"; };
		9A2C887C262296E50009EB69 /* Base */ = {isa = PBXFileReference; lastKnownFileType = file.storyboard; name = Base; path = Base.lproj/LaunchScreen.storyboard; sourceTree = "<group>"; };
		9A2C887E262296E50009EB69 /* Info.plist */ = {isa = PBXFileReference; lastKnownFileType = text.plist.xml; path = Info.plist; sourceTree = "<group>"; };
		9A2C88852622A3440009EB69 /* JuegoViewController.swift */ = {isa = PBXFileReference; lastKnownFileType = sourcecode.swift; path = JuegoViewController.swift; sourceTree = "<group>"; };
		9AD03927262DEA3300714659 /* oraciones.json */ = {isa = PBXFileReference; fileEncoding = 4; lastKnownFileType = text.json; path = oraciones.json; sourceTree = "<group>"; };
		9AD0392A262DEA5E00714659 /* Oracion.swift */ = {isa = PBXFileReference; lastKnownFileType = sourcecode.swift; path = Oracion.swift; sourceTree = "<group>"; };
		DD71217C2630F237001AA873 /* HistorialViewController.swift */ = {isa = PBXFileReference; lastKnownFileType = sourcecode.swift; path = HistorialViewController.swift; sourceTree = "<group>"; };
		DD71217F2631148A001AA873 /* Score.swift */ = {isa = PBXFileReference; lastKnownFileType = sourcecode.swift; path = Score.swift; sourceTree = "<group>"; };
		DD71218326311EE6001AA873 /* HighscoreCell.swift */ = {isa = PBXFileReference; lastKnownFileType = sourcecode.swift; path = HighscoreCell.swift; sourceTree = "<group>"; };
		DD71218426311EE6001AA873 /* HighscoreCell.xib */ = {isa = PBXFileReference; lastKnownFileType = file.xib; path = HighscoreCell.xib; sourceTree = "<group>"; };
/* End PBXFileReference section */

/* Begin PBXFrameworksBuildPhase section */
		9A2C886A262296E40009EB69 /* Frameworks */ = {
			isa = PBXFrameworksBuildPhase;
			buildActionMask = 2147483647;
			files = (
			);
			runOnlyForDeploymentPostprocessing = 0;
		};
/* End PBXFrameworksBuildPhase section */

/* Begin PBXGroup section */
		9A2C8864262296E40009EB69 = {
			isa = PBXGroup;
			children = (
				9A2C886F262296E40009EB69 /* SintaxisEspanol */,
				9A2C886E262296E40009EB69 /* Products */,
			);
			sourceTree = "<group>";
		};
		9A2C886E262296E40009EB69 /* Products */ = {
			isa = PBXGroup;
			children = (
				9A2C886D262296E40009EB69 /* SintaxisEspanol.app */,
			);
			name = Products;
			sourceTree = "<group>";
		};
		9A2C886F262296E40009EB69 /* SintaxisEspanol */ = {
			isa = PBXGroup;
			children = (
				DD71218226311EAC001AA873 /* cell */,
				9A2C8870262296E40009EB69 /* AppDelegate.swift */,
				9A2C8872262296E40009EB69 /* SceneDelegate.swift */,
				9A2C8876262296E40009EB69 /* Main.storyboard */,
				DD71217C2630F237001AA873 /* HistorialViewController.swift */,
				DD71217F2631148A001AA873 /* Score.swift */,
				9A2C8874262296E40009EB69 /* ViewController.swift */,
				3BEB485D263071AA00E8CECC /* ConfigViewController.swift */,
				9AD0392A262DEA5E00714659 /* Oracion.swift */,
				9AD03927262DEA3300714659 /* oraciones.json */,
				9A2C88852622A3440009EB69 /* JuegoViewController.swift */,
				9A2C8879262296E50009EB69 /* Assets.xcassets */,
				9A2C887B262296E50009EB69 /* LaunchScreen.storyboard */,
				9A2C887E262296E50009EB69 /* Info.plist */,
			);
			path = SintaxisEspanol;
			sourceTree = "<group>";
		};
		DD71218226311EAC001AA873 /* cell */ = {
			isa = PBXGroup;
			children = (
				DD71218326311EE6001AA873 /* HighscoreCell.swift */,
				DD71218426311EE6001AA873 /* HighscoreCell.xib */,
			);
			path = cell;
			sourceTree = "<group>";
		};
/* End PBXGroup section */

/* Begin PBXNativeTarget section */
		9A2C886C262296E40009EB69 /* SintaxisEspanol */ = {
			isa = PBXNativeTarget;
			buildConfigurationList = 9A2C8881262296E50009EB69 /* Build configuration list for PBXNativeTarget "SintaxisEspanol" */;
			buildPhases = (
				9A2C8869262296E40009EB69 /* Sources */,
				9A2C886A262296E40009EB69 /* Frameworks */,
				9A2C886B262296E40009EB69 /* Resources */,
			);
			buildRules = (
			);
			dependencies = (
			);
			name = SintaxisEspanol;
			productName = SintaxisEspanol;
			productReference = 9A2C886D262296E40009EB69 /* SintaxisEspanol.app */;
			productType = "com.apple.product-type.application";
		};
/* End PBXNativeTarget section */

/* Begin PBXProject section */
		9A2C8865262296E40009EB69 /* Project object */ = {
			isa = PBXProject;
			attributes = {
				LastSwiftUpdateCheck = 1240;
				LastUpgradeCheck = 1240;
				TargetAttributes = {
					9A2C886C262296E40009EB69 = {
						CreatedOnToolsVersion = 12.4;
					};
				};
			};
			buildConfigurationList = 9A2C8868262296E40009EB69 /* Build configuration list for PBXProject "SintaxisEspanol" */;
			compatibilityVersion = "Xcode 9.3";
			developmentRegion = en;
			hasScannedForEncodings = 0;
			knownRegions = (
				en,
				Base,
			);
			mainGroup = 9A2C8864262296E40009EB69;
			productRefGroup = 9A2C886E262296E40009EB69 /* Products */;
			projectDirPath = "";
			projectRoot = "";
			targets = (
				9A2C886C262296E40009EB69 /* SintaxisEspanol */,
			);
		};
/* End PBXProject section */

/* Begin PBXResourcesBuildPhase section */
		9A2C886B262296E40009EB69 /* Resources */ = {
			isa = PBXResourcesBuildPhase;
			buildActionMask = 2147483647;
			files = (
				9A2C887D262296E50009EB69 /* LaunchScreen.storyboard in Resources */,
				9AD03928262DEA3300714659 /* oraciones.json in Resources */,
				9A2C887A262296E50009EB69 /* Assets.xcassets in Resources */,
				9A2C8878262296E40009EB69 /* Main.storyboard in Resources */,
				DD71218626311EE6001AA873 /* HighscoreCell.xib in Resources */,
			);
			runOnlyForDeploymentPostprocessing = 0;
		};
/* End PBXResourcesBuildPhase section */

/* Begin PBXSourcesBuildPhase section */
		9A2C8869262296E40009EB69 /* Sources */ = {
			isa = PBXSourcesBuildPhase;
			buildActionMask = 2147483647;
			files = (
				9A2C8875262296E40009EB69 /* ViewController.swift in Sources */,
				9A2C88862622A3440009EB69 /* JuegoViewController.swift in Sources */,
				DD7121802631148A001AA873 /* Score.swift in Sources */,
				3BEB485E263071AA00E8CECC /* ConfigViewController.swift in Sources */,
				9AD0392B262DEA5E00714659 /* Oracion.swift in Sources */,
				DD71218526311EE6001AA873 /* HighscoreCell.swift in Sources */,
				9A2C8871262296E40009EB69 /* AppDelegate.swift in Sources */,
				9A2C8873262296E40009EB69 /* SceneDelegate.swift in Sources */,
				DD71217D2630F237001AA873 /* HistorialViewController.swift in Sources */,
			);
			runOnlyForDeploymentPostprocessing = 0;
		};
/* End PBXSourcesBuildPhase section */

/* Begin PBXVariantGroup section */
		9A2C8876262296E40009EB69 /* Main.storyboard */ = {
			isa = PBXVariantGroup;
			children = (
				9A2C8877262296E40009EB69 /* Base */,
			);
			name = Main.storyboard;
			sourceTree = "<group>";
		};
		9A2C887B262296E50009EB69 /* LaunchScreen.storyboard */ = {
			isa = PBXVariantGroup;
			children = (
				9A2C887C262296E50009EB69 /* Base */,
			);
			name = LaunchScreen.storyboard;
			sourceTree = "<group>";
		};
/* End PBXVariantGroup section */

/* Begin XCBuildConfiguration section */
		9A2C887F262296E50009EB69 /* Debug */ = {
			isa = XCBuildConfiguration;
			buildSettings = {
				ALWAYS_SEARCH_USER_PATHS = NO;
				CLANG_ANALYZER_NONNULL = YES;
				CLANG_ANALYZER_NUMBER_OBJECT_CONVERSION = YES_AGGRESSIVE;
				CLANG_CXX_LANGUAGE_STANDARD = "gnu++14";
				CLANG_CXX_LIBRARY = "libc++";
				CLANG_ENABLE_MODULES = YES;
				CLANG_ENABLE_OBJC_ARC = YES;
				CLANG_ENABLE_OBJC_WEAK = YES;
				CLANG_WARN_BLOCK_CAPTURE_AUTORELEASING = YES;
				CLANG_WARN_BOOL_CONVERSION = YES;
				CLANG_WARN_COMMA = YES;
				CLANG_WARN_CONSTANT_CONVERSION = YES;
				CLANG_WARN_DEPRECATED_OBJC_IMPLEMENTATIONS = YES;
				CLANG_WARN_DIRECT_OBJC_ISA_USAGE = YES_ERROR;
				CLANG_WARN_DOCUMENTATION_COMMENTS = YES;
				CLANG_WARN_EMPTY_BODY = YES;
				CLANG_WARN_ENUM_CONVERSION = YES;
				CLANG_WARN_INFINITE_RECURSION = YES;
				CLANG_WARN_INT_CONVERSION = YES;
				CLANG_WARN_NON_LITERAL_NULL_CONVERSION = YES;
				CLANG_WARN_OBJC_IMPLICIT_RETAIN_SELF = YES;
				CLANG_WARN_OBJC_LITERAL_CONVERSION = YES;
				CLANG_WARN_OBJC_ROOT_CLASS = YES_ERROR;
				CLANG_WARN_QUOTED_INCLUDE_IN_FRAMEWORK_HEADER = YES;
				CLANG_WARN_RANGE_LOOP_ANALYSIS = YES;
				CLANG_WARN_STRICT_PROTOTYPES = YES;
				CLANG_WARN_SUSPICIOUS_MOVE = YES;
				CLANG_WARN_UNGUARDED_AVAILABILITY = YES_AGGRESSIVE;
				CLANG_WARN_UNREACHABLE_CODE = YES;
				CLANG_WARN__DUPLICATE_METHOD_MATCH = YES;
				COPY_PHASE_STRIP = NO;
				DEBUG_INFORMATION_FORMAT = dwarf;
				ENABLE_STRICT_OBJC_MSGSEND = YES;
				ENABLE_TESTABILITY = YES;
				GCC_C_LANGUAGE_STANDARD = gnu11;
				GCC_DYNAMIC_NO_PIC = NO;
				GCC_NO_COMMON_BLOCKS = YES;
				GCC_OPTIMIZATION_LEVEL = 0;
				GCC_PREPROCESSOR_DEFINITIONS = (
					"DEBUG=1",
					"$(inherited)",
				);
				GCC_WARN_64_TO_32_BIT_CONVERSION = YES;
				GCC_WARN_ABOUT_RETURN_TYPE = YES_ERROR;
				GCC_WARN_UNDECLARED_SELECTOR = YES;
				GCC_WARN_UNINITIALIZED_AUTOS = YES_AGGRESSIVE;
				GCC_WARN_UNUSED_FUNCTION = YES;
				GCC_WARN_UNUSED_VARIABLE = YES;
				IPHONEOS_DEPLOYMENT_TARGET = 14.4;
				MTL_ENABLE_DEBUG_INFO = INCLUDE_SOURCE;
				MTL_FAST_MATH = YES;
				ONLY_ACTIVE_ARCH = YES;
				SDKROOT = iphoneos;
				SWIFT_ACTIVE_COMPILATION_CONDITIONS = DEBUG;
				SWIFT_OPTIMIZATION_LEVEL = "-Onone";
			};
			name = Debug;
		};
		9A2C8880262296E50009EB69 /* Release */ = {
			isa = XCBuildConfiguration;
			buildSettings = {
				ALWAYS_SEARCH_USER_PATHS = NO;
				CLANG_ANALYZER_NONNULL = YES;
				CLANG_ANALYZER_NUMBER_OBJECT_CONVERSION = YES_AGGRESSIVE;
				CLANG_CXX_LANGUAGE_STANDARD = "gnu++14";
				CLANG_CXX_LIBRARY = "libc++";
				CLANG_ENABLE_MODULES = YES;
				CLANG_ENABLE_OBJC_ARC = YES;
				CLANG_ENABLE_OBJC_WEAK = YES;
				CLANG_WARN_BLOCK_CAPTURE_AUTORELEASING = YES;
				CLANG_WARN_BOOL_CONVERSION = YES;
				CLANG_WARN_COMMA = YES;
				CLANG_WARN_CONSTANT_CONVERSION = YES;
				CLANG_WARN_DEPRECATED_OBJC_IMPLEMENTATIONS = YES;
				CLANG_WARN_DIRECT_OBJC_ISA_USAGE = YES_ERROR;
				CLANG_WARN_DOCUMENTATION_COMMENTS = YES;
				CLANG_WARN_EMPTY_BODY = YES;
				CLANG_WARN_ENUM_CONVERSION = YES;
				CLANG_WARN_INFINITE_RECURSION = YES;
				CLANG_WARN_INT_CONVERSION = YES;
				CLANG_WARN_NON_LITERAL_NULL_CONVERSION = YES;
				CLANG_WARN_OBJC_IMPLICIT_RETAIN_SELF = YES;
				CLANG_WARN_OBJC_LITERAL_CONVERSION = YES;
				CLANG_WARN_OBJC_ROOT_CLASS = YES_ERROR;
				CLANG_WARN_QUOTED_INCLUDE_IN_FRAMEWORK_HEADER = YES;
				CLANG_WARN_RANGE_LOOP_ANALYSIS = YES;
				CLANG_WARN_STRICT_PROTOTYPES = YES;
				CLANG_WARN_SUSPICIOUS_MOVE = YES;
				CLANG_WARN_UNGUARDED_AVAILABILITY = YES_AGGRESSIVE;
				CLANG_WARN_UNREACHABLE_CODE = YES;
				CLANG_WARN__DUPLICATE_METHOD_MATCH = YES;
				COPY_PHASE_STRIP = NO;
				DEBUG_INFORMATION_FORMAT = "dwarf-with-dsym";
				ENABLE_NS_ASSERTIONS = NO;
				ENABLE_STRICT_OBJC_MSGSEND = YES;
				GCC_C_LANGUAGE_STANDARD = gnu11;
				GCC_NO_COMMON_BLOCKS = YES;
				GCC_WARN_64_TO_32_BIT_CONVERSION = YES;
				GCC_WARN_ABOUT_RETURN_TYPE = YES_ERROR;
				GCC_WARN_UNDECLARED_SELECTOR = YES;
				GCC_WARN_UNINITIALIZED_AUTOS = YES_AGGRESSIVE;
				GCC_WARN_UNUSED_FUNCTION = YES;
				GCC_WARN_UNUSED_VARIABLE = YES;
				IPHONEOS_DEPLOYMENT_TARGET = 14.4;
				MTL_ENABLE_DEBUG_INFO = NO;
				MTL_FAST_MATH = YES;
				SDKROOT = iphoneos;
				SWIFT_COMPILATION_MODE = wholemodule;
				SWIFT_OPTIMIZATION_LEVEL = "-O";
				VALIDATE_PRODUCT = YES;
			};
			name = Release;
		};
		9A2C8882262296E50009EB69 /* Debug */ = {
			isa = XCBuildConfiguration;
			buildSettings = {
				ASSETCATALOG_COMPILER_APPICON_NAME = AppIcon;
				ASSETCATALOG_COMPILER_GLOBAL_ACCENT_COLOR_NAME = AccentColor;
				CODE_SIGN_STYLE = Automatic;
				INFOPLIST_FILE = SintaxisEspanol/Info.plist;
				LD_RUNPATH_SEARCH_PATHS = (
					"$(inherited)",
					"@executable_path/Frameworks",
				);
				PRODUCT_BUNDLE_IDENTIFIER = ITESM.SintaxisEspanol;
				PRODUCT_NAME = "$(TARGET_NAME)";
				SWIFT_VERSION = 5.0;
				TARGETED_DEVICE_FAMILY = "1,2";
			};
			name = Debug;
		};
		9A2C8883262296E50009EB69 /* Release */ = {
			isa = XCBuildConfiguration;
			buildSettings = {
				ASSETCATALOG_COMPILER_APPICON_NAME = AppIcon;
				ASSETCATALOG_COMPILER_GLOBAL_ACCENT_COLOR_NAME = AccentColor;
				CODE_SIGN_STYLE = Automatic;
				INFOPLIST_FILE = SintaxisEspanol/Info.plist;
				LD_RUNPATH_SEARCH_PATHS = (
					"$(inherited)",
					"@executable_path/Frameworks",
				);
				PRODUCT_BUNDLE_IDENTIFIER = ITESM.SintaxisEspanol;
				PRODUCT_NAME = "$(TARGET_NAME)";
				SWIFT_VERSION = 5.0;
				TARGETED_DEVICE_FAMILY = "1,2";
			};
			name = Release;
		};
/* End XCBuildConfiguration section */

/* Begin XCConfigurationList section */
		9A2C8868262296E40009EB69 /* Build configuration list for PBXProject "SintaxisEspanol" */ = {
			isa = XCConfigurationList;
			buildConfigurations = (
				9A2C887F262296E50009EB69 /* Debug */,
				9A2C8880262296E50009EB69 /* Release */,
			);
			defaultConfigurationIsVisible = 0;
			defaultConfigurationName = Release;
		};
		9A2C8881262296E50009EB69 /* Build configuration list for PBXNativeTarget "SintaxisEspanol" */ = {
			isa = XCConfigurationList;
			buildConfigurations = (
				9A2C8882262296E50009EB69 /* Debug */,
				9A2C8883262296E50009EB69 /* Release */,
			);
			defaultConfigurationIsVisible = 0;
			defaultConfigurationName = Release;
		};
/* End XCConfigurationList section */
	};
	rootObject = 9A2C8865262296E40009EB69 /* Project object */;
}
